{
  "name": "graphql-hooks",
  "version": "5.0.0",
  "lockfileVersion": 1,
  "requires": true,
  "dependencies": {
    "@testing-library/react": {
      "version": "11.1.0",
      "resolved": "https://registry.npmjs.org/@testing-library/react/-/react-11.1.0.tgz",
      "integrity": "sha512-Nfz58jGzW0tgg3irmTB7sa02JLkLnCk+QN3XG6WiaGQYb0Qc4Ok00aujgjdxlIQWZHbb4Zj5ZOIeE9yKFSs4sA==",
      "dev": true,
      "requires": {
        "@babel/runtime": "^7.11.2",
        "@testing-library/dom": "^7.26.0"
      },
      "dependencies": {
        "@babel/code-frame": {
          "version": "7.10.4",
          "resolved": "https://registry.npmjs.org/@babel/code-frame/-/code-frame-7.10.4.tgz",
          "integrity": "sha512-vG6SvB6oYEhvgisZNFRmRCUkLz11c7rp+tbNTynGqc6mS1d5ATd/sGyV6W0KZZnXRKMTzZDRgQT3Ou9jhpAfUg==",
          "dev": true,
          "requires": {
            "@babel/highlight": "^7.10.4"
          }
        },
        "@babel/helper-validator-identifier": {
          "version": "7.10.4",
          "resolved": "https://registry.npmjs.org/@babel/helper-validator-identifier/-/helper-validator-identifier-7.10.4.tgz",
          "integrity": "sha512-3U9y+43hz7ZM+rzG24Qe2mufW5KhvFg/NhnNph+i9mgCtdTCtMJuI1TMkrIUiK7Ix4PYlRF9I5dhqaLYA/ADXw==",
          "dev": true
        },
        "@babel/highlight": {
          "version": "7.10.4",
          "resolved": "https://registry.npmjs.org/@babel/highlight/-/highlight-7.10.4.tgz",
          "integrity": "sha512-i6rgnR/YgPEQzZZnbTHHuZdlE8qyoBNalD6F+q4vAFlcMEcqmkoG+mPqJYJCo63qPf74+Y1UZsl3l6f7/RIkmA==",
          "dev": true,
          "requires": {
            "@babel/helper-validator-identifier": "^7.10.4",
            "chalk": "^2.0.0",
            "js-tokens": "^4.0.0"
          },
          "dependencies": {
            "chalk": {
              "version": "2.4.2",
              "resolved": "https://registry.npmjs.org/chalk/-/chalk-2.4.2.tgz",
              "integrity": "sha512-Mti+f9lpJNcwF4tWV8/OrTTtF1gZi+f8FqlyAdouralcFWFQWF2+NgCHShjkCb+IFBLq9buZwE1xckQU4peSuQ==",
              "dev": true,
              "requires": {
                "ansi-styles": "^3.2.1",
                "escape-string-regexp": "^1.0.5",
                "supports-color": "^5.3.0"
              }
            }
          }
        },
        "@babel/runtime": {
          "version": "7.12.1",
          "resolved": "https://registry.npmjs.org/@babel/runtime/-/runtime-7.12.1.tgz",
          "integrity": "sha512-J5AIf3vPj3UwXaAzb5j1xM4WAQDX3EMgemF8rjCP3SoW09LfRKAXQKt6CoVYl230P6iWdRcBbnLDDdnqWxZSCA==",
          "dev": true,
          "requires": {
            "regenerator-runtime": "^0.13.4"
          }
        },
        "@babel/runtime-corejs3": {
          "version": "7.12.1",
          "resolved": "https://registry.npmjs.org/@babel/runtime-corejs3/-/runtime-corejs3-7.12.1.tgz",
          "integrity": "sha512-umhPIcMrlBZ2aTWlWjUseW9LjQKxi1dpFlQS8DzsxB//5K+u6GLTC/JliPKHsd5kJVPIU6X/Hy0YvWOYPcMxBw==",
          "dev": true,
          "requires": {
            "core-js-pure": "^3.0.0",
            "regenerator-runtime": "^0.13.4"
          }
        },
        "@jest/types": {
          "version": "26.6.2",
          "resolved": "https://registry.npmjs.org/@jest/types/-/types-26.6.2.tgz",
          "integrity": "sha512-fC6QCp7Sc5sX6g8Tvbmj4XUTbyrik0akgRy03yjXbQaBWWNWGE7SGtJk98m0N8nzegD/7SggrUlivxo5ax4KWQ==",
          "dev": true,
          "requires": {
            "@types/istanbul-lib-coverage": "^2.0.0",
            "@types/istanbul-reports": "^3.0.0",
            "@types/node": "*",
            "@types/yargs": "^15.0.0",
            "chalk": "^4.0.0"
          }
        },
        "@testing-library/dom": {
          "version": "7.26.4",
          "resolved": "https://registry.npmjs.org/@testing-library/dom/-/dom-7.26.4.tgz",
          "integrity": "sha512-3sJmqN9NSqISDjvJOhR6xtuiXTXdYagfJIQz+6UVWwRs+Yc9Et9dFQm1ODqR1BaZpTv3HntBzkp5ZWuZTU75WA==",
          "dev": true,
          "requires": {
            "@babel/code-frame": "^7.10.4",
            "@babel/runtime": "^7.10.3",
            "@types/aria-query": "^4.2.0",
            "aria-query": "^4.2.2",
            "chalk": "^4.1.0",
            "dom-accessibility-api": "^0.5.1",
            "lz-string": "^1.4.4",
            "pretty-format": "^26.4.2"
          }
        },
        "@types/aria-query": {
          "version": "4.2.0",
          "resolved": "https://registry.npmjs.org/@types/aria-query/-/aria-query-4.2.0.tgz",
          "integrity": "sha512-iIgQNzCm0v7QMhhe4Jjn9uRh+I6GoPmt03CbEtwx3ao8/EfoQcmgtqH4vQ5Db/lxiIGaWDv6nwvunuh0RyX0+A==",
          "dev": true
        },
        "@types/istanbul-lib-coverage": {
          "version": "2.0.3",
          "resolved": "https://registry.npmjs.org/@types/istanbul-lib-coverage/-/istanbul-lib-coverage-2.0.3.tgz",
          "integrity": "sha512-sz7iLqvVUg1gIedBOvlkxPlc8/uVzyS5OwGz1cKjXzkl3FpL3al0crU8YGU1WoHkxn0Wxbw5tyi6hvzJKNzFsw==",
          "dev": true
        },
        "@types/istanbul-lib-report": {
          "version": "3.0.0",
          "resolved": "https://registry.npmjs.org/@types/istanbul-lib-report/-/istanbul-lib-report-3.0.0.tgz",
          "integrity": "sha512-plGgXAPfVKFoYfa9NpYDAkseG+g6Jr294RqeqcqDixSbU34MZVJRi/P+7Y8GDpzkEwLaGZZOpKIEmeVZNtKsrg==",
          "dev": true,
          "requires": {
            "@types/istanbul-lib-coverage": "*"
          }
        },
        "@types/istanbul-reports": {
          "version": "3.0.0",
          "resolved": "https://registry.npmjs.org/@types/istanbul-reports/-/istanbul-reports-3.0.0.tgz",
          "integrity": "sha512-nwKNbvnwJ2/mndE9ItP/zc2TCzw6uuodnF4EHYWD+gCQDVBuRQL5UzbZD0/ezy1iKsFU2ZQiDqg4M9dN4+wZgA==",
          "dev": true,
          "requires": {
            "@types/istanbul-lib-report": "*"
          }
        },
        "@types/node": {
          "version": "14.14.6",
          "resolved": "https://registry.npmjs.org/@types/node/-/node-14.14.6.tgz",
          "integrity": "sha512-6QlRuqsQ/Ox/aJEQWBEJG7A9+u7oSYl3mem/K8IzxXG/kAGbV1YPD9Bg9Zw3vyxC/YP+zONKwy8hGkSt1jxFMw==",
          "dev": true
        },
        "@types/yargs": {
          "version": "15.0.9",
          "resolved": "https://registry.npmjs.org/@types/yargs/-/yargs-15.0.9.tgz",
          "integrity": "sha512-HmU8SeIRhZCWcnRskCs36Q1Q00KBV6Cqh/ora8WN1+22dY07AZdn6Gel8QZ3t26XYPImtcL8WV/eqjhVmMEw4g==",
          "dev": true,
          "requires": {
            "@types/yargs-parser": "*"
          }
        },
        "@types/yargs-parser": {
          "version": "15.0.0",
          "resolved": "https://registry.npmjs.org/@types/yargs-parser/-/yargs-parser-15.0.0.tgz",
          "integrity": "sha512-FA/BWv8t8ZWJ+gEOnLLd8ygxH/2UFbAvgEonyfN6yWGLKc7zVjbpl2Y4CTjid9h2RfgPP6SEt6uHwEOply00yw==",
          "dev": true
        },
        "ansi-regex": {
          "version": "5.0.0",
          "resolved": "https://registry.npmjs.org/ansi-regex/-/ansi-regex-5.0.0.tgz",
          "integrity": "sha512-bY6fj56OUQ0hU1KjFNDQuJFezqKdrAyFdIevADiqrWHwSlbmBNMHp5ak2f40Pm8JTFyM2mqxkG6ngkHO11f/lg==",
          "dev": true
        },
        "ansi-styles": {
          "version": "3.2.1",
          "resolved": "https://registry.npmjs.org/ansi-styles/-/ansi-styles-3.2.1.tgz",
          "integrity": "sha512-VT0ZI6kZRdTh8YyJw3SMbYm/u+NqfsAxEpWO0Pf9sq8/e94WxxOpPKx9FR1FlyCtOVDNOQ+8ntlqFxiRc+r5qA==",
          "dev": true,
          "requires": {
            "color-convert": "^1.9.0"
          }
        },
        "aria-query": {
          "version": "4.2.2",
          "resolved": "https://registry.npmjs.org/aria-query/-/aria-query-4.2.2.tgz",
          "integrity": "sha512-o/HelwhuKpTj/frsOsbNLNgnNGVIFsVP/SW2BSF14gVl7kAfMOJ6/8wUAUvG1R1NHKrfG+2sHZTu0yauT1qBrA==",
          "dev": true,
          "requires": {
            "@babel/runtime": "^7.10.2",
            "@babel/runtime-corejs3": "^7.10.2"
          }
        },
        "chalk": {
          "version": "4.1.0",
          "resolved": "https://registry.npmjs.org/chalk/-/chalk-4.1.0.tgz",
          "integrity": "sha512-qwx12AxXe2Q5xQ43Ac//I6v5aXTipYrSESdOgzrN+9XjgEpyjpKuvSGaN4qE93f7TQTlerQQ8S+EQ0EyDoVL1A==",
          "dev": true,
          "requires": {
            "ansi-styles": "^4.1.0",
            "supports-color": "^7.1.0"
          },
          "dependencies": {
            "ansi-styles": {
              "version": "4.3.0",
              "resolved": "https://registry.npmjs.org/ansi-styles/-/ansi-styles-4.3.0.tgz",
              "integrity": "sha512-zbB9rCJAT1rbjiVDb2hqKFHNYLxgtk8NURxZ3IZwD3F6NtxbXZQCnnSi1Lkx+IDohdPlFp222wVALIheZJQSEg==",
              "dev": true,
              "requires": {
                "color-convert": "^2.0.1"
              }
            },
            "color-convert": {
              "version": "2.0.1",
              "resolved": "https://registry.npmjs.org/color-convert/-/color-convert-2.0.1.tgz",
              "integrity": "sha512-RRECPsj7iu/xb5oKYcsFHSppFNnsj/52OVTRKb4zP5onXwVF3zVmmToNcOfGC+CRDpfK/U584fMg38ZHCaElKQ==",
              "dev": true,
              "requires": {
                "color-name": "~1.1.4"
              }
            },
            "color-name": {
              "version": "1.1.4",
              "resolved": "https://registry.npmjs.org/color-name/-/color-name-1.1.4.tgz",
              "integrity": "sha512-dOy+3AuW3a2wNbZHIuMZpTcgjGuLU/uBL/ubcZF9OXbDo8ff4O8yVp5Bf0efS8uEoYo5q4Fx7dY9OgQGXgAsQA==",
              "dev": true
            },
            "has-flag": {
              "version": "4.0.0",
              "resolved": "https://registry.npmjs.org/has-flag/-/has-flag-4.0.0.tgz",
              "integrity": "sha512-EykJT/Q1KjTWctppgIAgfSO0tKVuZUjhgMr17kqTumMl6Afv3EISleU7qZUzoXDFTAHTDC4NOoG/ZxU3EvlMPQ==",
              "dev": true
            },
            "supports-color": {
              "version": "7.2.0",
              "resolved": "https://registry.npmjs.org/supports-color/-/supports-color-7.2.0.tgz",
              "integrity": "sha512-qpCAvRl9stuOHveKsn7HncJRvv501qIacKzQlO/+Lwxc9+0q2wLyv4Dfvt80/DPn2pqOBsJdDiogXGR9+OvwRw==",
              "dev": true,
              "requires": {
                "has-flag": "^4.0.0"
              }
            }
          }
        },
        "color-convert": {
          "version": "1.9.3",
          "resolved": "https://registry.npmjs.org/color-convert/-/color-convert-1.9.3.tgz",
          "integrity": "sha512-QfAUtd+vFdAtFQcC8CCyYt1fYWxSqAiK2cSD6zDB8N3cpsEBAvRxp9zOGg6G/SHHJYAT88/az/IuDGALsNVbGg==",
          "dev": true,
          "requires": {
            "color-name": "1.1.3"
          }
        },
        "color-name": {
          "version": "1.1.3",
          "resolved": "https://registry.npmjs.org/color-name/-/color-name-1.1.3.tgz",
          "integrity": "sha1-p9BVi9icQveV3UIyj3QIMcpTvCU=",
          "dev": true
        },
        "core-js-pure": {
          "version": "3.6.5",
          "resolved": "https://registry.npmjs.org/core-js-pure/-/core-js-pure-3.6.5.tgz",
          "integrity": "sha512-lacdXOimsiD0QyNf9BC/mxivNJ/ybBGJXQFKzRekp1WTHoVUWsUHEn+2T8GJAzzIhyOuXA+gOxCVN3l+5PLPUA==",
          "dev": true
        },
        "dom-accessibility-api": {
          "version": "0.5.4",
          "resolved": "https://registry.npmjs.org/dom-accessibility-api/-/dom-accessibility-api-0.5.4.tgz",
          "integrity": "sha512-TvrjBckDy2c6v6RLxPv5QXOnU+SmF9nBII5621Ve5fu6Z/BDrENurBEvlC1f44lKEUVqOpK4w9E5Idc5/EgkLQ==",
          "dev": true
        },
        "escape-string-regexp": {
          "version": "1.0.5",
          "resolved": "https://registry.npmjs.org/escape-string-regexp/-/escape-string-regexp-1.0.5.tgz",
          "integrity": "sha1-G2HAViGQqN/2rjuyzwIAyhMLhtQ=",
          "dev": true
        },
        "has-flag": {
          "version": "3.0.0",
          "resolved": "https://registry.npmjs.org/has-flag/-/has-flag-3.0.0.tgz",
          "integrity": "sha1-tdRU3CGZriJWmfNGfloH87lVuv0=",
          "dev": true
        },
        "js-tokens": {
          "version": "4.0.0",
          "resolved": "https://registry.npmjs.org/js-tokens/-/js-tokens-4.0.0.tgz",
          "integrity": "sha512-RdJUflcE3cUzKiMqQgsCu06FPu9UdIJO0beYbPhHN4k6apgJtifcoCtT9bcxOpYBtpD2kCM6Sbzg4CausW/PKQ==",
          "dev": true
        },
        "lz-string": {
          "version": "1.4.4",
          "resolved": "https://registry.npmjs.org/lz-string/-/lz-string-1.4.4.tgz",
          "integrity": "sha1-wNjq82BZ9wV5bh40SBHPTEmNOiY=",
          "dev": true
        },
        "pretty-format": {
          "version": "26.6.2",
          "resolved": "https://registry.npmjs.org/pretty-format/-/pretty-format-26.6.2.tgz",
          "integrity": "sha512-7AeGuCYNGmycyQbCqd/3PWH4eOoX/OiCa0uphp57NVTeAGdJGaAliecxwBDHYQCIvrW7aDBZCYeNTP/WX69mkg==",
          "dev": true,
          "requires": {
            "@jest/types": "^26.6.2",
            "ansi-regex": "^5.0.0",
            "ansi-styles": "^4.0.0",
            "react-is": "^17.0.1"
          },
          "dependencies": {
            "ansi-styles": {
              "version": "4.3.0",
              "resolved": "https://registry.npmjs.org/ansi-styles/-/ansi-styles-4.3.0.tgz",
              "integrity": "sha512-zbB9rCJAT1rbjiVDb2hqKFHNYLxgtk8NURxZ3IZwD3F6NtxbXZQCnnSi1Lkx+IDohdPlFp222wVALIheZJQSEg==",
              "dev": true,
              "requires": {
                "color-convert": "^2.0.1"
              }
            },
            "color-convert": {
              "version": "2.0.1",
              "resolved": "https://registry.npmjs.org/color-convert/-/color-convert-2.0.1.tgz",
              "integrity": "sha512-RRECPsj7iu/xb5oKYcsFHSppFNnsj/52OVTRKb4zP5onXwVF3zVmmToNcOfGC+CRDpfK/U584fMg38ZHCaElKQ==",
              "dev": true,
              "requires": {
                "color-name": "~1.1.4"
              }
            },
            "color-name": {
              "version": "1.1.4",
              "resolved": "https://registry.npmjs.org/color-name/-/color-name-1.1.4.tgz",
              "integrity": "sha512-dOy+3AuW3a2wNbZHIuMZpTcgjGuLU/uBL/ubcZF9OXbDo8ff4O8yVp5Bf0efS8uEoYo5q4Fx7dY9OgQGXgAsQA==",
              "dev": true
            }
          }
        },
        "react-is": {
          "version": "17.0.1",
          "resolved": "https://registry.npmjs.org/react-is/-/react-is-17.0.1.tgz",
          "integrity": "sha512-NAnt2iGDXohE5LI7uBnLnqvLQMtzhkiAOLXTmv+qnF9Ky7xAPcX8Up/xWIhxvLVGJvuLiNc4xQLtuqDRzb4fSA==",
          "dev": true
        },
        "regenerator-runtime": {
          "version": "0.13.7",
          "resolved": "https://registry.npmjs.org/regenerator-runtime/-/regenerator-runtime-0.13.7.tgz",
          "integrity": "sha512-a54FxoJDIr27pgf7IgeQGxmqUNYrcV338lf/6gH456HZ/PhX+5BcwHXG9ajESmwe6WRO0tAzRUrRmNONWgkrew==",
          "dev": true
        },
        "supports-color": {
          "version": "5.5.0",
          "resolved": "https://registry.npmjs.org/supports-color/-/supports-color-5.5.0.tgz",
          "integrity": "sha512-QjVjwdXIt408MIiAqCX4oUKsgU2EqAGzs2Ppkm4aQYbjm+ZEWEcW4SfFNTr4uMNZma0ey4f5lgLrkB0aX0QMow==",
          "dev": true,
          "requires": {
            "has-flag": "^3.0.0"
          }
        }
      }
    },
    "@testing-library/react-hooks": {
      "version": "3.4.2",
      "resolved": "https://registry.npmjs.org/@testing-library/react-hooks/-/react-hooks-3.4.2.tgz",
      "integrity": "sha512-RfPG0ckOzUIVeIqlOc1YztKgFW+ON8Y5xaSPbiBkfj9nMkkiLhLeBXT5icfPX65oJV/zCZu4z8EVnUc6GY9C5A==",
      "dev": true,
      "requires": {
        "@babel/runtime": "^7.5.4",
        "@types/testing-library__react-hooks": "^3.4.0"
      },
      "dependencies": {
        "@babel/runtime": {
          "version": "7.12.1",
          "resolved": "https://registry.npmjs.org/@babel/runtime/-/runtime-7.12.1.tgz",
          "integrity": "sha512-J5AIf3vPj3UwXaAzb5j1xM4WAQDX3EMgemF8rjCP3SoW09LfRKAXQKt6CoVYl230P6iWdRcBbnLDDdnqWxZSCA==",
          "dev": true,
          "requires": {
            "regenerator-runtime": "^0.13.4"
          }
        },
        "@types/prop-types": {
          "version": "15.7.3",
          "resolved": "https://registry.npmjs.org/@types/prop-types/-/prop-types-15.7.3.tgz",
          "integrity": "sha512-KfRL3PuHmqQLOG+2tGpRO26Ctg+Cq1E01D2DMriKEATHgWLfeNDmq9e29Q9WIky0dQ3NPkd1mzYH8Lm936Z9qw==",
          "dev": true
        },
        "@types/react": {
          "version": "16.9.55",
          "resolved": "https://registry.npmjs.org/@types/react/-/react-16.9.55.tgz",
          "integrity": "sha512-6KLe6lkILeRwyyy7yG9rULKJ0sXplUsl98MGoCfpteXf9sPWFWWMknDcsvubcpaTdBuxtsLF6HDUwdApZL/xIg==",
          "dev": true,
          "requires": {
            "@types/prop-types": "*",
            "csstype": "^3.0.2"
          }
        },
        "@types/react-test-renderer": {
          "version": "16.9.3",
          "resolved": "https://registry.npmjs.org/@types/react-test-renderer/-/react-test-renderer-16.9.3.tgz",
          "integrity": "sha512-wJ7IlN5NI82XMLOyHSa+cNN4Z0I+8/YaLl04uDgcZ+W+ExWCmCiVTLT/7fRNqzy4OhStZcUwIqLNF7q+AdW43Q==",
          "dev": true,
          "requires": {
            "@types/react": "*"
          }
        },
        "@types/testing-library__react-hooks": {
          "version": "3.4.1",
          "resolved": "https://registry.npmjs.org/@types/testing-library__react-hooks/-/testing-library__react-hooks-3.4.1.tgz",
          "integrity": "sha512-G4JdzEcq61fUyV6wVW9ebHWEiLK2iQvaBuCHHn9eMSbZzVh4Z4wHnUGIvQOYCCYeu5DnUtFyNYuAAgbSaO/43Q==",
          "dev": true,
          "requires": {
            "@types/react-test-renderer": "*"
          }
        },
        "csstype": {
          "version": "3.0.4",
          "resolved": "https://registry.npmjs.org/csstype/-/csstype-3.0.4.tgz",
          "integrity": "sha512-xc8DUsCLmjvCfoD7LTGE0ou2MIWLx0K9RCZwSHMOdynqRsP4MtUcLeqh1HcQ2dInwDTqn+3CE0/FZh1et+p4jA==",
          "dev": true
        },
        "regenerator-runtime": {
          "version": "0.13.7",
          "resolved": "https://registry.npmjs.org/regenerator-runtime/-/regenerator-runtime-0.13.7.tgz",
          "integrity": "sha512-a54FxoJDIr27pgf7IgeQGxmqUNYrcV338lf/6gH456HZ/PhX+5BcwHXG9ajESmwe6WRO0tAzRUrRmNONWgkrew==",
          "dev": true
        }
      }
    },
    "dequal": {
      "version": "2.0.2",
      "resolved": "https://registry.npmjs.org/dequal/-/dequal-2.0.2.tgz",
      "integrity": "sha512-q9K8BlJVxK7hQYqa6XISGmBZbtQQWVXSrRrWreHC94rMt1QL/Impruc+7p2CYSYuVIUr+YCt6hjrs1kkdJRTug=="
    },
    "extract-files": {
      "version": "9.0.0",
      "resolved": "https://registry.npmjs.org/extract-files/-/extract-files-9.0.0.tgz",
      "integrity": "sha512-CvdFfHkC95B4bBBk36hcEmvdR2awOdhhVUYH6S/zrVj3477zven/fJMYg7121h4T1xHZC+tetUpubpAhxwI7hQ=="
    },
    "formdata-node": {
      "version": "2.4.0",
      "resolved": "https://registry.npmjs.org/formdata-node/-/formdata-node-2.4.0.tgz",
      "integrity": "sha512-eikLJEYMMtrc8/tRjUOhwJYoxQVb4R3X+Qlj1gv7tDgihpL8HMnsLLhUyjV8Y2iUm03RmpGmn/o4LyzGX396Uw==",
      "dev": true,
      "requires": {
        "mime-types": "2.1.27"
      },
      "dependencies": {
        "mime-db": {
          "version": "1.44.0",
          "resolved": "https://registry.npmjs.org/mime-db/-/mime-db-1.44.0.tgz",
          "integrity": "sha512-/NOTfLrsPBVeH7YtFPgsVWveuL+4SjjYxaQ1xtM1KMFj7HdxlBlxeyNLzhyJVx7r4rZGJAZ/6lkKCitSc/Nmpg==",
          "dev": true
        },
        "mime-types": {
          "version": "2.1.27",
          "resolved": "https://registry.npmjs.org/mime-types/-/mime-types-2.1.27.tgz",
          "integrity": "sha512-JIhqnCasI9yD+SsmkquHBxTSEuZdQX5BuQnS2Vc7puQQQ+8yiP5AY5uWhpdv4YL4VM5c6iliiYWPgJ/nJQLp7w==",
          "dev": true,
          "requires": {
            "mime-db": "1.44.0"
          }
        }
      }
    },
    "graphql-hooks-memcache": {
      "requires": {
        "tiny-lru": "^7.0.0"
      },
      "dependencies": {
        "tiny-lru": {
          "version": "7.0.6",
          "resolved": "https://registry.npmjs.org/tiny-lru/-/tiny-lru-7.0.6.tgz",
          "integrity": "sha512-zNYO0Kvgn5rXzWpL0y3RS09sMK67eGaQj9805jlK9G6pSadfriTczzLHFXa/xcW4mIRfmlB9HyQ/+SgL0V1uow=="
        }
      }
    },
    "graphql-hooks-ssr": {},
    "jest-fetch-mock": {
      "version": "3.0.3",
      "resolved": "https://registry.npmjs.org/jest-fetch-mock/-/jest-fetch-mock-3.0.3.tgz",
      "integrity": "sha512-Ux1nWprtLrdrH4XwE7O7InRY6psIi3GOsqNESJgMJ+M5cv4A8Lh7SN9d2V2kKRZ8ebAfcd1LNyZguAOb6JiDqw==",
      "dev": true,
      "requires": {
        "cross-fetch": "^3.0.4",
        "promise-polyfill": "^8.1.3"
      },
      "dependencies": {
        "cross-fetch": {
          "version": "3.0.6",
          "resolved": "https://registry.npmjs.org/cross-fetch/-/cross-fetch-3.0.6.tgz",
          "integrity": "sha512-KBPUbqgFjzWlVcURG+Svp9TlhA5uliYtiNx/0r8nv0pdypeQCRJ9IaSIc3q/x3q8t3F75cHuwxVql1HFGHCNJQ==",
          "dev": true,
          "requires": {
            "node-fetch": "2.6.1"
          }
        },
        "node-fetch": {
          "version": "2.6.1",
          "resolved": "https://registry.npmjs.org/node-fetch/-/node-fetch-2.6.1.tgz",
          "integrity": "sha512-V4aYg89jEoVRxRb2fJdAg8FHvI7cEyYdVAh94HH0UIK8oJxUfkjlDQN9RbMx+bEjP7+ggMiFRprSti032Oipxw==",
          "dev": true
        },
        "promise-polyfill": {
          "version": "8.2.0",
          "resolved": "https://registry.npmjs.org/promise-polyfill/-/promise-polyfill-8.2.0.tgz",
          "integrity": "sha512-k/TC0mIcPVF6yHhUvwAp7cvL6I2fFV7TzF1DuGPI8mBh4QQazf36xCKEHKTZKRysEoTQoQdKyP25J8MPJp7j5g==",
          "dev": true
        }
      }
    },
    "react-test-renderer": {
      "version": "17.0.1",
      "resolved": "https://registry.npmjs.org/react-test-renderer/-/react-test-renderer-17.0.1.tgz",
      "integrity": "sha512-/dRae3mj6aObwkjCcxZPlxDFh73XZLgvwhhyON2haZGUEhiaY5EjfAdw+d/rQmlcFwdTpMXCSGVk374QbCTlrA==",
      "dev": true,
      "requires": {
        "object-assign": "^4.1.1",
        "react-is": "^17.0.1",
        "react-shallow-renderer": "^16.13.1",
        "scheduler": "^0.20.1"
      },
      "dependencies": {
        "js-tokens": {
          "version": "4.0.0",
          "resolved": "https://registry.npmjs.org/js-tokens/-/js-tokens-4.0.0.tgz",
          "integrity": "sha512-RdJUflcE3cUzKiMqQgsCu06FPu9UdIJO0beYbPhHN4k6apgJtifcoCtT9bcxOpYBtpD2kCM6Sbzg4CausW/PKQ==",
          "dev": true
        },
        "loose-envify": {
          "version": "1.4.0",
          "resolved": "https://registry.npmjs.org/loose-envify/-/loose-envify-1.4.0.tgz",
          "integrity": "sha512-lyuxPGr/Wfhrlem2CL/UcnUc1zcqKAImBDzukY7Y5F/yQiNdko6+fRLevlw1HgMySw7f611UIY408EtxRSoK3Q==",
          "dev": true,
          "requires": {
            "js-tokens": "^3.0.0 || ^4.0.0"
          }
        },
        "object-assign": {
          "version": "4.1.1",
          "resolved": "https://registry.npmjs.org/object-assign/-/object-assign-4.1.1.tgz",
          "integrity": "sha1-IQmtx5ZYh8/AXLvUQsrIv7s2CGM=",
          "dev": true
        },
        "react-is": {
          "version": "17.0.1",
          "resolved": "https://registry.npmjs.org/react-is/-/react-is-17.0.1.tgz",
          "integrity": "sha512-NAnt2iGDXohE5LI7uBnLnqvLQMtzhkiAOLXTmv+qnF9Ky7xAPcX8Up/xWIhxvLVGJvuLiNc4xQLtuqDRzb4fSA==",
          "dev": true
        },
        "react-shallow-renderer": {
          "version": "16.14.1",
          "resolved": "https://registry.npmjs.org/react-shallow-renderer/-/react-shallow-renderer-16.14.1.tgz",
          "integrity": "sha512-rkIMcQi01/+kxiTE9D3fdS959U1g7gs+/rborw++42m1O9FAQiNI/UNRZExVUoAOprn4umcXf+pFRou8i4zuBg==",
          "dev": true,
          "requires": {
            "object-assign": "^4.1.1",
            "react-is": "^16.12.0 || ^17.0.0"
          }
        },
        "scheduler": {
          "version": "0.20.1",
          "resolved": "https://registry.npmjs.org/scheduler/-/scheduler-0.20.1.tgz",
          "integrity": "sha512-LKTe+2xNJBNxu/QhHvDR14wUXHRQbVY5ZOYpOGWRzhydZUqrLb2JBvLPY7cAqFmqrWuDED0Mjk7013SZiOz6Bw==",
          "dev": true,
          "requires": {
            "loose-envify": "^1.1.0",
            "object-assign": "^4.1.1"
          }
        }
      }
    },
    "rollup": {
      "version": "2.33.1",
      "resolved": "https://registry.npmjs.org/rollup/-/rollup-2.33.1.tgz",
      "integrity": "sha512-uY4O/IoL9oNW8MMcbA5hcOaz6tZTMIh7qJHx/tzIJm+n1wLoY38BLn6fuy7DhR57oNFLMbDQtDeJoFURt5933w==",
      "dev": true,
      "requires": {
        "fsevents": "~2.1.2"
      },
      "dependencies": {
        "fsevents": {
          "version": "2.1.3",
          "resolved": "https://registry.npmjs.org/fsevents/-/fsevents-2.1.3.tgz",
          "integrity": "sha512-Auw9a4AxqWpa9GUfj370BMPzzyncfBABW8Mab7BGWBYDj4Isgq+cDKtx0i6u9jcX9pQDnswsaaOTgTmA5pEjuQ==",
          "dev": true,
          "optional": true
        }
      }
    },
    "subscriptions-transport-ws": {
      "version": "0.9.18",
      "resolved": "https://registry.npmjs.org/subscriptions-transport-ws/-/subscriptions-transport-ws-0.9.18.tgz",
      "integrity": "sha512-tztzcBTNoEbuErsVQpTN2xUNN/efAZXyCyL5m3x4t6SKrEiTL2N8SaKWBFWM4u56pL79ULif3zjyeq+oV+nOaA==",
      "dev": true,
      "requires": {
        "backo2": "^1.0.2",
        "eventemitter3": "^3.1.0",
        "iterall": "^1.2.1",
        "symbol-observable": "^1.0.4",
        "ws": "^5.2.0"
      },
      "dependencies": {
        "async-limiter": {
          "version": "1.0.1",
          "resolved": "https://registry.npmjs.org/async-limiter/-/async-limiter-1.0.1.tgz",
          "integrity": "sha512-csOlWGAcRFJaI6m+F2WKdnMKr4HhdhFVBk0H/QbJFMCr+uO2kwohwXQPxw/9OCxp05r5ghVBFSyioixx3gfkNQ==",
          "dev": true
        },
        "backo2": {
          "version": "1.0.2",
          "resolved": "https://registry.npmjs.org/backo2/-/backo2-1.0.2.tgz",
          "integrity": "sha1-MasayLEpNjRj41s+u2n038+6eUc=",
          "dev": true
        },
        "eventemitter3": {
          "version": "3.1.2",
          "resolved": "https://registry.npmjs.org/eventemitter3/-/eventemitter3-3.1.2.tgz",
          "integrity": "sha512-tvtQIeLVHjDkJYnzf2dgVMxfuSGJeM/7UCG17TT4EumTfNtF+0nebF/4zWOIkCreAbtNqhGEboB6BWrwqNaw4Q==",
          "dev": true
        },
        "iterall": {
          "version": "1.3.0",
          "resolved": "https://registry.npmjs.org/iterall/-/iterall-1.3.0.tgz",
          "integrity": "sha512-QZ9qOMdF+QLHxy1QIpUHUU1D5pS2CG2P69LF6L6CPjPYA/XMOmKV3PZpawHoAjHNyB0swdVTRxdYT4tbBbxqwg==",
          "dev": true
        },
        "symbol-observable": {
          "version": "1.2.0",
          "resolved": "https://registry.npmjs.org/symbol-observable/-/symbol-observable-1.2.0.tgz",
          "integrity": "sha512-e900nM8RRtGhlV36KGEU9k65K3mPb1WV70OdjfxlG2EAuM1noi/E/BaW/uMhL7bPEssK8QV57vN3esixjUvcXQ==",
          "dev": true
        },
        "ws": {
          "version": "5.2.2",
          "resolved": "https://registry.npmjs.org/ws/-/ws-5.2.2.tgz",
          "integrity": "sha512-jaHFD6PFv6UgoIVda6qZllptQsMlDEJkTQcybzzXDYM1XO9Y8em691FGMPmM46WGyLU4z9KMgQN+qrux/nhlHA==",
          "dev": true,
          "requires": {
            "async-limiter": "~1.0.0"
          }
        }
      }
    }
  }
}
