{
  "name": "graphql-hooks",
  "version": "5.0.0",
  "lockfileVersion": 1,
  "requires": true,
  "dependencies": {
    "@testing-library/react": {
      "version": "10.4.9",
      "resolved": "https://registry.npmjs.org/@testing-library/react/-/react-10.4.9.tgz",
      "integrity": "sha512-pHZKkqUy0tmiD81afs8xfiuseXfU/N7rAX3iKjeZYje86t9VaB0LrxYVa+OOsvkrveX5jCK3IjajVn2MbePvqA==",
      "dev": true,
      "requires": {
        "@babel/runtime": "^7.10.3",
        "@testing-library/dom": "^7.22.3"
      },
      "dependencies": {
        "@babel/runtime": {
          "version": "7.11.2",
          "resolved": "https://registry.npmjs.org/@babel/runtime/-/runtime-7.11.2.tgz",
          "integrity": "sha512-TeWkU52so0mPtDcaCTxNBI/IHiz0pZgr8VEFqXFtZWpYD08ZB6FaSwVAS8MKRQAP3bYKiVjwysOJgMFY28o6Tw==",
          "dev": true,
          "requires": {
            "regenerator-runtime": "^0.13.4"
          }
        },
        "@babel/runtime-corejs3": {
          "version": "7.11.2",
          "resolved": "https://registry.npmjs.org/@babel/runtime-corejs3/-/runtime-corejs3-7.11.2.tgz",
          "integrity": "sha512-qh5IR+8VgFz83VBa6OkaET6uN/mJOhHONuy3m1sgF0CV6mXdPSEBdA7e1eUbVvyNtANjMbg22JUv71BaDXLY6A==",
          "dev": true,
          "requires": {
            "core-js-pure": "^3.0.0",
            "regenerator-runtime": "^0.13.4"
          }
        },
        "@jest/types": {
          "version": "26.3.0",
          "resolved": "https://registry.npmjs.org/@jest/types/-/types-26.3.0.tgz",
          "integrity": "sha512-BDPG23U0qDeAvU4f99haztXwdAg3hz4El95LkAM+tHAqqhiVzRpEGHHU8EDxT/AnxOrA65YjLBwDahdJ9pTLJQ==",
          "dev": true,
          "requires": {
            "@types/istanbul-lib-coverage": "^2.0.0",
            "@types/istanbul-reports": "^3.0.0",
            "@types/node": "*",
            "@types/yargs": "^15.0.0",
            "chalk": "^4.0.0"
          }
        },
        "@testing-library/dom": {
          "version": "7.22.6",
          "resolved": "https://registry.npmjs.org/@testing-library/dom/-/dom-7.22.6.tgz",
          "integrity": "sha512-8703SWfapsEMwG10/c8AV7qK33zyy0NMDs0SbX9uEZnHWnxaNA5SnODuWS1PvFEjoNjBxfoxVZtw6uQAXO7tJw==",
          "dev": true,
          "requires": {
            "@babel/runtime": "^7.10.3",
            "@types/aria-query": "^4.2.0",
            "aria-query": "^4.2.2",
            "dom-accessibility-api": "^0.5.1",
            "pretty-format": "^26.4.2"
          }
        },
        "@types/aria-query": {
          "version": "4.2.0",
          "resolved": "https://registry.npmjs.org/@types/aria-query/-/aria-query-4.2.0.tgz",
          "integrity": "sha512-iIgQNzCm0v7QMhhe4Jjn9uRh+I6GoPmt03CbEtwx3ao8/EfoQcmgtqH4vQ5Db/lxiIGaWDv6nwvunuh0RyX0+A==",
          "dev": true
        },
        "@types/color-name": {
          "version": "1.1.1",
          "resolved": "https://registry.npmjs.org/@types/color-name/-/color-name-1.1.1.tgz",
          "integrity": "sha512-rr+OQyAjxze7GgWrSaJwydHStIhHq2lvY3BOC2Mj7KnzI7XK0Uw1TOOdI9lDoajEbSWLiYgoo4f1R51erQfhPQ==",
          "dev": true
        },
        "@types/istanbul-lib-coverage": {
          "version": "2.0.3",
          "resolved": "https://registry.npmjs.org/@types/istanbul-lib-coverage/-/istanbul-lib-coverage-2.0.3.tgz",
          "integrity": "sha512-sz7iLqvVUg1gIedBOvlkxPlc8/uVzyS5OwGz1cKjXzkl3FpL3al0crU8YGU1WoHkxn0Wxbw5tyi6hvzJKNzFsw==",
          "dev": true
        },
        "@types/istanbul-lib-report": {
          "version": "3.0.0",
          "resolved": "https://registry.npmjs.org/@types/istanbul-lib-report/-/istanbul-lib-report-3.0.0.tgz",
          "integrity": "sha512-plGgXAPfVKFoYfa9NpYDAkseG+g6Jr294RqeqcqDixSbU34MZVJRi/P+7Y8GDpzkEwLaGZZOpKIEmeVZNtKsrg==",
          "dev": true,
          "requires": {
            "@types/istanbul-lib-coverage": "*"
          }
        },
        "@types/istanbul-reports": {
          "version": "3.0.0",
          "resolved": "https://registry.npmjs.org/@types/istanbul-reports/-/istanbul-reports-3.0.0.tgz",
          "integrity": "sha512-nwKNbvnwJ2/mndE9ItP/zc2TCzw6uuodnF4EHYWD+gCQDVBuRQL5UzbZD0/ezy1iKsFU2ZQiDqg4M9dN4+wZgA==",
          "dev": true,
          "requires": {
            "@types/istanbul-lib-report": "*"
          }
        },
        "@types/node": {
          "version": "14.6.0",
          "resolved": "https://registry.npmjs.org/@types/node/-/node-14.6.0.tgz",
          "integrity": "sha512-mikldZQitV94akrc4sCcSjtJfsTKt4p+e/s0AGscVA6XArQ9kFclP+ZiYUMnq987rc6QlYxXv/EivqlfSLxpKA==",
          "dev": true
        },
        "@types/yargs": {
          "version": "15.0.5",
          "resolved": "https://registry.npmjs.org/@types/yargs/-/yargs-15.0.5.tgz",
          "integrity": "sha512-Dk/IDOPtOgubt/IaevIUbTgV7doaKkoorvOyYM2CMwuDyP89bekI7H4xLIwunNYiK9jhCkmc6pUrJk3cj2AB9w==",
          "dev": true,
          "requires": {
            "@types/yargs-parser": "*"
          }
        },
        "@types/yargs-parser": {
          "version": "15.0.0",
          "resolved": "https://registry.npmjs.org/@types/yargs-parser/-/yargs-parser-15.0.0.tgz",
          "integrity": "sha512-FA/BWv8t8ZWJ+gEOnLLd8ygxH/2UFbAvgEonyfN6yWGLKc7zVjbpl2Y4CTjid9h2RfgPP6SEt6uHwEOply00yw==",
          "dev": true
        },
        "ansi-regex": {
          "version": "5.0.0",
          "resolved": "https://registry.npmjs.org/ansi-regex/-/ansi-regex-5.0.0.tgz",
          "integrity": "sha512-bY6fj56OUQ0hU1KjFNDQuJFezqKdrAyFdIevADiqrWHwSlbmBNMHp5ak2f40Pm8JTFyM2mqxkG6ngkHO11f/lg==",
          "dev": true
        },
        "ansi-styles": {
          "version": "4.2.1",
          "resolved": "https://registry.npmjs.org/ansi-styles/-/ansi-styles-4.2.1.tgz",
          "integrity": "sha512-9VGjrMsG1vePxcSweQsN20KY/c4zN0h9fLjqAbwbPfahM3t+NL+M9HC8xeXG2I8pX5NoamTGNuomEUFI7fcUjA==",
          "dev": true,
          "requires": {
            "@types/color-name": "^1.1.1",
            "color-convert": "^2.0.1"
          }
        },
        "aria-query": {
          "version": "4.2.2",
          "resolved": "https://registry.npmjs.org/aria-query/-/aria-query-4.2.2.tgz",
          "integrity": "sha512-o/HelwhuKpTj/frsOsbNLNgnNGVIFsVP/SW2BSF14gVl7kAfMOJ6/8wUAUvG1R1NHKrfG+2sHZTu0yauT1qBrA==",
          "dev": true,
          "requires": {
            "@babel/runtime": "^7.10.2",
            "@babel/runtime-corejs3": "^7.10.2"
          }
        },
        "chalk": {
          "version": "4.1.0",
          "resolved": "https://registry.npmjs.org/chalk/-/chalk-4.1.0.tgz",
          "integrity": "sha512-qwx12AxXe2Q5xQ43Ac//I6v5aXTipYrSESdOgzrN+9XjgEpyjpKuvSGaN4qE93f7TQTlerQQ8S+EQ0EyDoVL1A==",
          "dev": true,
          "requires": {
            "ansi-styles": "^4.1.0",
            "supports-color": "^7.1.0"
          }
        },
        "color-convert": {
          "version": "2.0.1",
          "resolved": "https://registry.npmjs.org/color-convert/-/color-convert-2.0.1.tgz",
          "integrity": "sha512-RRECPsj7iu/xb5oKYcsFHSppFNnsj/52OVTRKb4zP5onXwVF3zVmmToNcOfGC+CRDpfK/U584fMg38ZHCaElKQ==",
          "dev": true,
          "requires": {
            "color-name": "~1.1.4"
          }
        },
        "color-name": {
          "version": "1.1.4",
          "resolved": "https://registry.npmjs.org/color-name/-/color-name-1.1.4.tgz",
          "integrity": "sha512-dOy+3AuW3a2wNbZHIuMZpTcgjGuLU/uBL/ubcZF9OXbDo8ff4O8yVp5Bf0efS8uEoYo5q4Fx7dY9OgQGXgAsQA==",
          "dev": true
        },
        "core-js-pure": {
          "version": "3.6.5",
          "resolved": "https://registry.npmjs.org/core-js-pure/-/core-js-pure-3.6.5.tgz",
          "integrity": "sha512-lacdXOimsiD0QyNf9BC/mxivNJ/ybBGJXQFKzRekp1WTHoVUWsUHEn+2T8GJAzzIhyOuXA+gOxCVN3l+5PLPUA==",
          "dev": true
        },
        "dom-accessibility-api": {
          "version": "0.5.2",
          "resolved": "https://registry.npmjs.org/dom-accessibility-api/-/dom-accessibility-api-0.5.2.tgz",
          "integrity": "sha512-k7hRNKAiPJXD2aBqfahSo4/01cTsKWXf+LqJgglnkN2Nz8TsxXKQBXHhKe0Ye9fEfHEZY49uSA5Sr3AqP/sWKA==",
          "dev": true
        },
        "has-flag": {
          "version": "4.0.0",
          "resolved": "https://registry.npmjs.org/has-flag/-/has-flag-4.0.0.tgz",
          "integrity": "sha512-EykJT/Q1KjTWctppgIAgfSO0tKVuZUjhgMr17kqTumMl6Afv3EISleU7qZUzoXDFTAHTDC4NOoG/ZxU3EvlMPQ==",
          "dev": true
        },
        "pretty-format": {
          "version": "26.4.2",
          "resolved": "https://registry.npmjs.org/pretty-format/-/pretty-format-26.4.2.tgz",
          "integrity": "sha512-zK6Gd8zDsEiVydOCGLkoBoZuqv8VTiHyAbKznXe/gaph/DAeZOmit9yMfgIz5adIgAMMs5XfoYSwAX3jcCO1tA==",
          "dev": true,
          "requires": {
            "@jest/types": "^26.3.0",
            "ansi-regex": "^5.0.0",
            "ansi-styles": "^4.0.0",
            "react-is": "^16.12.0"
          }
        },
        "react-is": {
          "version": "16.13.1",
          "resolved": "https://registry.npmjs.org/react-is/-/react-is-16.13.1.tgz",
          "integrity": "sha512-24e6ynE2H+OKt4kqsOvNd8kBpV65zoxbA4BVsEOB3ARVWQki/DHzaUoC5KuON/BiccDaCCTZBuOcfZs70kR8bQ==",
          "dev": true
        },
        "regenerator-runtime": {
          "version": "0.13.7",
          "resolved": "https://registry.npmjs.org/regenerator-runtime/-/regenerator-runtime-0.13.7.tgz",
          "integrity": "sha512-a54FxoJDIr27pgf7IgeQGxmqUNYrcV338lf/6gH456HZ/PhX+5BcwHXG9ajESmwe6WRO0tAzRUrRmNONWgkrew==",
          "dev": true
        },
        "supports-color": {
          "version": "7.1.0",
          "resolved": "https://registry.npmjs.org/supports-color/-/supports-color-7.1.0.tgz",
          "integrity": "sha512-oRSIpR8pxT1Wr2FquTNnGet79b3BWljqOuoW/h4oBhxJ/HUbX5nX6JSruTkvXDCFMwDPvsaTTbvMLKZWSy0R5g==",
          "dev": true,
          "requires": {
            "has-flag": "^4.0.0"
          }
        }
      }
    },
    "@testing-library/react-hooks": {
      "version": "3.4.1",
      "resolved": "https://registry.npmjs.org/@testing-library/react-hooks/-/react-hooks-3.4.1.tgz",
      "integrity": "sha512-LbzvE7oKsVzuW1cxA/aOeNgeVvmHWG2p/WSzalIGyWuqZT3jVcNDT5KPEwy36sUYWde0Qsh32xqIUFXukeywXg==",
      "dev": true,
      "requires": {
        "@babel/runtime": "^7.5.4",
        "@types/testing-library__react-hooks": "^3.3.0"
      },
      "dependencies": {
        "@babel/runtime": {
          "version": "7.11.2",
          "resolved": "https://registry.npmjs.org/@babel/runtime/-/runtime-7.11.2.tgz",
          "integrity": "sha512-TeWkU52so0mPtDcaCTxNBI/IHiz0pZgr8VEFqXFtZWpYD08ZB6FaSwVAS8MKRQAP3bYKiVjwysOJgMFY28o6Tw==",
          "dev": true,
          "requires": {
            "regenerator-runtime": "^0.13.4"
          }
        },
        "@types/prop-types": {
          "version": "15.7.3",
          "resolved": "https://registry.npmjs.org/@types/prop-types/-/prop-types-15.7.3.tgz",
          "integrity": "sha512-KfRL3PuHmqQLOG+2tGpRO26Ctg+Cq1E01D2DMriKEATHgWLfeNDmq9e29Q9WIky0dQ3NPkd1mzYH8Lm936Z9qw==",
          "dev": true
        },
        "@types/react": {
          "version": "16.9.48",
          "resolved": "https://registry.npmjs.org/@types/react/-/react-16.9.48.tgz",
          "integrity": "sha512-4ykBVswgYitPGMXFRxJCHkxJDU2rjfU3/zw67f8+dB7sNdVJXsrwqoYxz/stkAucymnEEbRPFmX7Ce5Mc/kJCw==",
          "dev": true,
          "requires": {
            "@types/prop-types": "*",
            "csstype": "^3.0.2"
          }
        },
        "@types/react-test-renderer": {
          "version": "16.9.3",
          "resolved": "https://registry.npmjs.org/@types/react-test-renderer/-/react-test-renderer-16.9.3.tgz",
          "integrity": "sha512-wJ7IlN5NI82XMLOyHSa+cNN4Z0I+8/YaLl04uDgcZ+W+ExWCmCiVTLT/7fRNqzy4OhStZcUwIqLNF7q+AdW43Q==",
          "dev": true,
          "requires": {
            "@types/react": "*"
          }
        },
        "@types/testing-library__react-hooks": {
          "version": "3.4.0",
          "resolved": "https://registry.npmjs.org/@types/testing-library__react-hooks/-/testing-library__react-hooks-3.4.0.tgz",
          "integrity": "sha512-QYLZipqt1hpwYsBU63Ssa557v5wWbncqL36No59LI7W3nCMYKrLWTnYGn2griZ6v/3n5nKXNYkTeYpqPHY7Ukg==",
          "dev": true,
          "requires": {
            "@types/react-test-renderer": "*"
          }
        },
        "csstype": {
          "version": "3.0.3",
          "resolved": "https://registry.npmjs.org/csstype/-/csstype-3.0.3.tgz",
          "integrity": "sha512-jPl+wbWPOWJ7SXsWyqGRk3lGecbar0Cb0OvZF/r/ZU011R4YqiRehgkQ9p4eQfo9DSDLqLL3wHwfxeJiuIsNag==",
          "dev": true
        },
        "regenerator-runtime": {
          "version": "0.13.7",
          "resolved": "https://registry.npmjs.org/regenerator-runtime/-/regenerator-runtime-0.13.7.tgz",
          "integrity": "sha512-a54FxoJDIr27pgf7IgeQGxmqUNYrcV338lf/6gH456HZ/PhX+5BcwHXG9ajESmwe6WRO0tAzRUrRmNONWgkrew==",
          "dev": true
        }
      }
    },
    "dequal": {
      "version": "1.0.1",
      "resolved": "https://registry.npmjs.org/dequal/-/dequal-1.0.1.tgz",
      "integrity": "sha512-Fx8jxibzkJX2aJgyfSdLhr9tlRoTnHKrRJuu2XHlAgKioN2j19/Bcbe0d4mFXYZ3+wpE2KVobUVTfDutcD17xQ=="
    },
    "extract-files": {
      "version": "9.0.0",
      "resolved": "https://registry.npmjs.org/extract-files/-/extract-files-9.0.0.tgz",
      "integrity": "sha512-CvdFfHkC95B4bBBk36hcEmvdR2awOdhhVUYH6S/zrVj3477zven/fJMYg7121h4T1xHZC+tetUpubpAhxwI7hQ=="
    },
    "formdata-node": {
      "version": "2.3.0",
      "resolved": "https://registry.npmjs.org/formdata-node/-/formdata-node-2.3.0.tgz",
      "integrity": "sha512-KwxPTBQ8YSj1EfCsCyhsncHA/khk8lCLsL/TzyVpuM34DTyqbE1KP882n8iYptSzb8FIKGgPo+q304IPmx4wJw==",
      "dev": true,
      "requires": {
        "mime-types": "2.1.27"
      }
    },
    "fsevents": {
      "version": "2.1.3",
      "resolved": "https://registry.npmjs.org/fsevents/-/fsevents-2.1.3.tgz",
      "integrity": "sha512-Auw9a4AxqWpa9GUfj370BMPzzyncfBABW8Mab7BGWBYDj4Isgq+cDKtx0i6u9jcX9pQDnswsaaOTgTmA5pEjuQ==",
      "dev": true,
      "optional": true
    },
    "graphql-hooks-memcache": {
      "version": "1.3.3",
      "resolved": "https://registry.npmjs.org/graphql-hooks-memcache/-/graphql-hooks-memcache-1.3.3.tgz",
      "integrity": "sha512-gCnzHvlh+txgSzaqyrzGD4vcxXlsRL+b8iOSBbRzzwguI/8PIR1FuoCtvzsnSAuIHW6F4fIugLeRrjKKSEnn1w==",
      "dev": true,
      "requires": {
        "tiny-lru": "^7.0.0"
      }
    },
    "graphql-hooks-ssr": {
      "version": "1.1.5",
      "resolved": "https://registry.npmjs.org/graphql-hooks-ssr/-/graphql-hooks-ssr-1.1.5.tgz",
      "integrity": "sha512-cCVLvjTYMZ9+4rJ4pbpBgcVUu9AC+9Lb28RO8cUGW87iy1jA46BMqX/OFYQDBea1SOJARcBQa/fiupZPuB1dMQ==",
      "dev": true
    },
    "jest-fetch-mock": {
      "version": "3.0.3",
      "resolved": "https://registry.npmjs.org/jest-fetch-mock/-/jest-fetch-mock-3.0.3.tgz",
      "integrity": "sha512-Ux1nWprtLrdrH4XwE7O7InRY6psIi3GOsqNESJgMJ+M5cv4A8Lh7SN9d2V2kKRZ8ebAfcd1LNyZguAOb6JiDqw==",
      "dev": true,
      "requires": {
        "cross-fetch": "^3.0.4",
        "promise-polyfill": "^8.1.3"
      },
      "dependencies": {
        "cross-fetch": {
          "version": "3.0.5",
          "resolved": "https://registry.npmjs.org/cross-fetch/-/cross-fetch-3.0.5.tgz",
          "integrity": "sha512-FFLcLtraisj5eteosnX1gf01qYDCOc4fDy0+euOt8Kn9YBY2NtXL/pCoYPavw24NIQkQqm5ZOLsGD5Zzj0gyew==",
          "dev": true,
          "requires": {
            "node-fetch": "2.6.0"
          }
        },
        "node-fetch": {
          "version": "2.6.0",
          "resolved": "https://registry.npmjs.org/node-fetch/-/node-fetch-2.6.0.tgz",
          "integrity": "sha512-8dG4H5ujfvFiqDmVu9fQ5bOHUC15JMjMY/Zumv26oOvvVJjM67KF8koCWIabKQ1GJIa9r2mMZscBq/TbdOcmNA==",
          "dev": true
        },
        "promise-polyfill": {
          "version": "8.1.3",
          "resolved": "https://registry.npmjs.org/promise-polyfill/-/promise-polyfill-8.1.3.tgz",
          "integrity": "sha512-MG5r82wBzh7pSKDRa9y+vllNHz3e3d4CNj1PQE4BQYxLme0gKYYBm9YENq+UkEikyZ0XbiGWxYlVw3Rl9O/U8g==",
          "dev": true
        }
      }
    },
    "mime-db": {
      "version": "1.44.0",
      "resolved": "https://registry.npmjs.org/mime-db/-/mime-db-1.44.0.tgz",
      "integrity": "sha512-/NOTfLrsPBVeH7YtFPgsVWveuL+4SjjYxaQ1xtM1KMFj7HdxlBlxeyNLzhyJVx7r4rZGJAZ/6lkKCitSc/Nmpg==",
      "dev": true
    },
    "mime-types": {
      "version": "2.1.27",
      "resolved": "https://registry.npmjs.org/mime-types/-/mime-types-2.1.27.tgz",
      "integrity": "sha512-JIhqnCasI9yD+SsmkquHBxTSEuZdQX5BuQnS2Vc7puQQQ+8yiP5AY5uWhpdv4YL4VM5c6iliiYWPgJ/nJQLp7w==",
      "dev": true,
      "requires": {
        "mime-db": "1.44.0"
      }
    },
    "react-test-renderer": {
      "version": "16.13.1",
      "resolved": "https://registry.npmjs.org/react-test-renderer/-/react-test-renderer-16.13.1.tgz",
      "integrity": "sha512-Sn2VRyOK2YJJldOqoh8Tn/lWQ+ZiKhyZTPtaO0Q6yNj+QDbmRkVFap6pZPy3YQk8DScRDfyqm/KxKYP9gCMRiQ==",
      "dev": true,
      "requires": {
        "object-assign": "^4.1.1",
        "prop-types": "^15.6.2",
        "react-is": "^16.8.6",
        "scheduler": "^0.19.1"
      },
      "dependencies": {
        "js-tokens": {
          "version": "4.0.0",
          "resolved": "https://registry.npmjs.org/js-tokens/-/js-tokens-4.0.0.tgz",
          "integrity": "sha512-RdJUflcE3cUzKiMqQgsCu06FPu9UdIJO0beYbPhHN4k6apgJtifcoCtT9bcxOpYBtpD2kCM6Sbzg4CausW/PKQ==",
          "dev": true
        },
        "loose-envify": {
          "version": "1.4.0",
          "resolved": "https://registry.npmjs.org/loose-envify/-/loose-envify-1.4.0.tgz",
          "integrity": "sha512-lyuxPGr/Wfhrlem2CL/UcnUc1zcqKAImBDzukY7Y5F/yQiNdko6+fRLevlw1HgMySw7f611UIY408EtxRSoK3Q==",
          "dev": true,
          "requires": {
            "js-tokens": "^3.0.0 || ^4.0.0"
          }
        },
        "object-assign": {
          "version": "4.1.1",
          "resolved": "https://registry.npmjs.org/object-assign/-/object-assign-4.1.1.tgz",
          "integrity": "sha1-IQmtx5ZYh8/AXLvUQsrIv7s2CGM=",
          "dev": true
        },
        "prop-types": {
          "version": "15.7.2",
          "resolved": "https://registry.npmjs.org/prop-types/-/prop-types-15.7.2.tgz",
          "integrity": "sha512-8QQikdH7//R2vurIJSutZ1smHYTcLpRWEOlHnzcWHmBYrOGUysKwSsrC89BCiFj3CbrfJ/nXFdJepOVrY1GCHQ==",
          "dev": true,
          "requires": {
            "loose-envify": "^1.4.0",
            "object-assign": "^4.1.1",
            "react-is": "^16.8.1"
          }
        },
        "react-is": {
          "version": "16.13.1",
          "resolved": "https://registry.npmjs.org/react-is/-/react-is-16.13.1.tgz",
          "integrity": "sha512-24e6ynE2H+OKt4kqsOvNd8kBpV65zoxbA4BVsEOB3ARVWQki/DHzaUoC5KuON/BiccDaCCTZBuOcfZs70kR8bQ==",
          "dev": true
        },
        "scheduler": {
          "version": "0.19.1",
          "resolved": "https://registry.npmjs.org/scheduler/-/scheduler-0.19.1.tgz",
          "integrity": "sha512-n/zwRWRYSUj0/3g/otKDRPMh6qv2SYMWNq85IEa8iZyAv8od9zDYpGSnpBEjNgcMNq6Scbu5KfIPxNF72R/2EA==",
          "dev": true,
          "requires": {
            "loose-envify": "^1.1.0",
            "object-assign": "^4.1.1"
          }
        }
      }
    },
    "rollup": {
      "version": "2.26.9",
      "resolved": "https://registry.npmjs.org/rollup/-/rollup-2.26.9.tgz",
      "integrity": "sha512-XIiWYLayLqV+oY4S2Lub/shJq4uk/QQLwWToYCL4LjZbYHbFK3czea4UDVRUJu+zNmKmxq5Zb/OG7c5HSvH2TQ==",
      "dev": true,
      "requires": {
        "fsevents": "~2.1.2"
      }
    },
    "subscriptions-transport-ws": {
      "version": "0.9.18",
      "resolved": "https://registry.npmjs.org/subscriptions-transport-ws/-/subscriptions-transport-ws-0.9.18.tgz",
      "integrity": "sha512-tztzcBTNoEbuErsVQpTN2xUNN/efAZXyCyL5m3x4t6SKrEiTL2N8SaKWBFWM4u56pL79ULif3zjyeq+oV+nOaA==",
      "dev": true,
      "requires": {
        "backo2": "^1.0.2",
        "eventemitter3": "^3.1.0",
        "iterall": "^1.2.1",
        "symbol-observable": "^1.0.4",
        "ws": "^5.2.0"
      },
      "dependencies": {
        "async-limiter": {
          "version": "1.0.1",
          "resolved": "https://registry.npmjs.org/async-limiter/-/async-limiter-1.0.1.tgz",
          "integrity": "sha512-csOlWGAcRFJaI6m+F2WKdnMKr4HhdhFVBk0H/QbJFMCr+uO2kwohwXQPxw/9OCxp05r5ghVBFSyioixx3gfkNQ==",
          "dev": true
        },
        "backo2": {
          "version": "1.0.2",
          "resolved": "https://registry.npmjs.org/backo2/-/backo2-1.0.2.tgz",
          "integrity": "sha1-MasayLEpNjRj41s+u2n038+6eUc=",
          "dev": true
        },
        "eventemitter3": {
          "version": "3.1.2",
          "resolved": "https://registry.npmjs.org/eventemitter3/-/eventemitter3-3.1.2.tgz",
          "integrity": "sha512-tvtQIeLVHjDkJYnzf2dgVMxfuSGJeM/7UCG17TT4EumTfNtF+0nebF/4zWOIkCreAbtNqhGEboB6BWrwqNaw4Q==",
          "dev": true
        },
        "iterall": {
          "version": "1.3.0",
          "resolved": "https://registry.npmjs.org/iterall/-/iterall-1.3.0.tgz",
          "integrity": "sha512-QZ9qOMdF+QLHxy1QIpUHUU1D5pS2CG2P69LF6L6CPjPYA/XMOmKV3PZpawHoAjHNyB0swdVTRxdYT4tbBbxqwg==",
          "dev": true
        },
        "symbol-observable": {
          "version": "1.2.0",
          "resolved": "https://registry.npmjs.org/symbol-observable/-/symbol-observable-1.2.0.tgz",
          "integrity": "sha512-e900nM8RRtGhlV36KGEU9k65K3mPb1WV70OdjfxlG2EAuM1noi/E/BaW/uMhL7bPEssK8QV57vN3esixjUvcXQ==",
          "dev": true
        },
        "ws": {
          "version": "5.2.2",
          "resolved": "https://registry.npmjs.org/ws/-/ws-5.2.2.tgz",
          "integrity": "sha512-jaHFD6PFv6UgoIVda6qZllptQsMlDEJkTQcybzzXDYM1XO9Y8em691FGMPmM46WGyLU4z9KMgQN+qrux/nhlHA==",
          "dev": true,
          "requires": {
            "async-limiter": "~1.0.0"
          }
        }
      }
    },
    "tiny-lru": {
      "version": "7.0.6",
      "resolved": "https://registry.npmjs.org/tiny-lru/-/tiny-lru-7.0.6.tgz",
      "integrity": "sha512-zNYO0Kvgn5rXzWpL0y3RS09sMK67eGaQj9805jlK9G6pSadfriTczzLHFXa/xcW4mIRfmlB9HyQ/+SgL0V1uow==",
      "dev": true
    }
  }
}
