{
  "name": "graphql-hooks-ssr",
  "version": "2.1.1",
  "lockfileVersion": 1,
  "requires": true,
  "dependencies": {
    "@types/react": {
      "version": "17.0.10",
      "resolved": "https://registry.npmjs.org/@types/react/-/react-17.0.10.tgz",
      "integrity": "sha512-+Tc5aGO49L/cjFBfpIPB398ztmAUChglc+a+EYlvphMOMvwUEzmLiyfmnEseGE7inMO6XiSffHmXVPC8GonksQ==",
      "dev": true,
      "requires": {
        "@types/prop-types": "*",
        "@types/scheduler": "*",
        "csstype": "^3.0.2"
      },
      "dependencies": {
        "@types/prop-types": {
          "version": "15.7.3",
          "resolved": "https://registry.npmjs.org/@types/prop-types/-/prop-types-15.7.3.tgz",
          "integrity": "sha512-KfRL3PuHmqQLOG+2tGpRO26Ctg+Cq1E01D2DMriKEATHgWLfeNDmq9e29Q9WIky0dQ3NPkd1mzYH8Lm936Z9qw==",
          "dev": true
        },
        "@types/scheduler": {
          "version": "0.16.1",
          "resolved": "https://registry.npmjs.org/@types/scheduler/-/scheduler-0.16.1.tgz",
          "integrity": "sha512-EaCxbanVeyxDRTQBkdLb3Bvl/HK7PBK6UJjsSixB0iHKoWxE5uu2Q/DgtpOhPIojN0Zl1whvOd7PoHs2P0s5eA==",
          "dev": true
        },
        "csstype": {
          "version": "3.0.8",
          "resolved": "https://registry.npmjs.org/csstype/-/csstype-3.0.8.tgz",
          "integrity": "sha512-jXKhWqXPmlUeoQnF/EhTtTl4C9SnrxSH/jZUih3jmO6lBKr99rP3/+FmrMj4EFpOXzMtXHAZkd3x0E6h6Fgflw==",
          "dev": true
        }
      }
    }
  }
}
