{
  "name": "graphql-hooks-ssr",
  "version": "2.2.1",
  "lockfileVersion": 1,
  "requires": true,
  "dependencies": {
    "@types/react": {
      "version": "17.0.15",
      "resolved": "https://registry.npmjs.org/@types/react/-/react-17.0.15.tgz",
      "integrity": "sha512-uTKHDK9STXFHLaKv6IMnwp52fm0hwU+N89w/p9grdUqcFA6WuqDyPhaWopbNyE1k/VhgzmHl8pu1L4wITtmlLw==",
      "dev": true,
      "requires": {
        "@types/prop-types": "*",
        "@types/scheduler": "*",
        "csstype": "^3.0.2"
      },
      "dependencies": {
        "@types/prop-types": {
          "version": "15.7.4",
          "resolved": "https://registry.npmjs.org/@types/prop-types/-/prop-types-15.7.4.tgz",
          "integrity": "sha512-rZ5drC/jWjrArrS8BR6SIr4cWpW09RNTYt9AMZo3Jwwif+iacXAqgVjm0B0Bv/S1jhDXKHqRVNCbACkJ89RAnQ==",
          "dev": true
        },
        "@types/scheduler": {
          "version": "0.16.2",
          "resolved": "https://registry.npmjs.org/@types/scheduler/-/scheduler-0.16.2.tgz",
          "integrity": "sha512-hppQEBDmlwhFAXKJX2KnWLYu5yMfi91yazPb2l+lbJiwW+wdo1gNeRA+3RgNSO39WYX2euey41KEwnqesU2Jew==",
          "dev": true
        },
        "csstype": {
          "version": "3.0.8",
          "resolved": "https://registry.npmjs.org/csstype/-/csstype-3.0.8.tgz",
          "integrity": "sha512-jXKhWqXPmlUeoQnF/EhTtTl4C9SnrxSH/jZUih3jmO6lBKr99rP3/+FmrMj4EFpOXzMtXHAZkd3x0E6h6Fgflw==",
          "dev": true
        }
      }
    }
  }
}
