{
  "name": "graphql-hooks-memcache",
  "version": "2.1.1",
  "lockfileVersion": 1,
  "requires": true,
  "dependencies": {
    "rollup": {
      "version": "2.49.0",
      "resolved": "https://registry.npmjs.org/rollup/-/rollup-2.49.0.tgz",
      "integrity": "sha512-UnrCjMXICx9q0jF8L7OYs7LPk95dW0U5UYp/VANnWqfuhyr66FWi/YVlI34Oy8Tp4ZGLcaUDt4APJm80b9oPWQ==",
      "dev": true,
      "requires": {
        "fsevents": "~2.3.1"
      },
      "dependencies": {
        "fsevents": {
          "version": "2.3.2",
          "resolved": "https://registry.npmjs.org/fsevents/-/fsevents-2.3.2.tgz",
          "integrity": "sha512-xiqMQR4xAeHTuB9uWm+fFRcIOgKBMiOBP+eXiyT7jsgVCq1bkVygt00oASowB7EdtpOHaaPgKt812P9ab+DDKA==",
          "dev": true,
          "optional": true
        }
      }
    },
    "tiny-lru": {
      "version": "7.0.6",
      "resolved": "https://registry.npmjs.org/tiny-lru/-/tiny-lru-7.0.6.tgz",
      "integrity": "sha512-zNYO0Kvgn5rXzWpL0y3RS09sMK67eGaQj9805jlK9G6pSadfriTczzLHFXa/xcW4mIRfmlB9HyQ/+SgL0V1uow=="
    }
  }
}
